{
  "name": "test-order-service",
  "version": "1.0.0",
  "lockfileVersion": 3,
  "requires": true,
  "packages": {
    "": {
      "name": "test-order-service",
      "version": "1.0.0",
      "dependencies": {
        "@fast-food/auth-lib": "file:../libs/auth-lib"
      }
    },
    "../libs/auth-lib": {
      "name": "@fast-food/auth-lib",
      "version": "1.0.0",
      "dependencies": {
        "jsonwebtoken": "^9.0.0"
      },
      "devDependencies": {
        "@types/jsonwebtoken": "^9.0.0",
        "@types/node": "^24.10.1",
        "typescript": "^5.0.0"
      }
    },
    "node_modules/@fast-food/auth-lib": {
      "resolved": "../libs/auth-lib",
      "link": true
    }
  }
}
